// !$*UTF8*$!
{
	archiveVersion = 1;
	classes = {
	};
	objectVersion = 48;
	objects = {

/* Begin PBXBuildFile section */
		992982DE1F9C6131002F8028 /* AppDelegate.swift in Sources */ = {isa = PBXBuildFile; fileRef = 992982DD1F9C6131002F8028 /* AppDelegate.swift */; };
		992982E01F9C6131002F8028 /* ViewController.swift in Sources */ = {isa = PBXBuildFile; fileRef = 992982DF1F9C6131002F8028 /* ViewController.swift */; };
		992982E31F9C6131002F8028 /* Main.storyboard in Resources */ = {isa = PBXBuildFile; fileRef = 992982E11F9C6131002F8028 /* Main.storyboard */; };
		992982E51F9C6131002F8028 /* Assets.xcassets in Resources */ = {isa = PBXBuildFile; fileRef = 992982E41F9C6131002F8028 /* Assets.xcassets */; };
		992982E81F9C6131002F8028 /* LaunchScreen.storyboard in Resources */ = {isa = PBXBuildFile; fileRef = 992982E61F9C6131002F8028 /* LaunchScreen.storyboard */; };
		992982F21F9C6A96002F8028 /* imageProvider.swift in Sources */ = {isa = PBXBuildFile; fileRef = 992982F11F9C6A96002F8028 /* imageProvider.swift */; };
		992982F41F9C8982002F8028 /* ChooseNerdViewController.swift in Sources */ = {isa = PBXBuildFile; fileRef = 992982F31F9C8982002F8028 /* ChooseNerdViewController.swift */; };
		9931F13D1F9DBA3A00BF9027 /* Nerds.swift in Sources */ = {isa = PBXBuildFile; fileRef = 9931F13C1F9DBA3A00BF9027 /* Nerds.swift */; };
		99DDBFE21F9C7210003E5CB9 /* CustomSegue.swift in Sources */ = {isa = PBXBuildFile; fileRef = 99DDBFE11F9C7210003E5CB9 /* CustomSegue.swift */; };
		99DDBFE41F9C8B04003E5CB9 /* NerdCell.swift in Sources */ = {isa = PBXBuildFile; fileRef = 99DDBFE31F9C8B04003E5CB9 /* NerdCell.swift */; };
/* End PBXBuildFile section */

/* Begin PBXFileReference section */
		992982DA1F9C6131002F8028 /* finalProject.app */ = {isa = PBXFileReference; explicitFileType = wrapper.application; includeInIndex = 0; path = finalProject.app; sourceTree = BUILT_PRODUCTS_DIR; };
		992982DD1F9C6131002F8028 /* AppDelegate.swift */ = {isa = PBXFileReference; lastKnownFileType = sourcecode.swift; path = AppDelegate.swift; sourceTree = "<group>"; };
		992982DF1F9C6131002F8028 /* ViewController.swift */ = {isa = PBXFileReference; lastKnownFileType = sourcecode.swift; path = ViewController.swift; sourceTree = "<group>"; };
		992982E21F9C6131002F8028 /* Base */ = {isa = PBXFileReference; lastKnownFileType = file.storyboard; name = Base; path = Base.lproj/Main.storyboard; sourceTree = "<group>"; };
		992982E41F9C6131002F8028 /* Assets.xcassets */ = {isa = PBXFileReference; lastKnownFileType = folder.assetcatalog; path = Assets.xcassets; sourceTree = "<group>"; };
		992982E71F9C6131002F8028 /* Base */ = {isa = PBXFileReference; lastKnownFileType = file.storyboard; name = Base; path = Base.lproj/LaunchScreen.storyboard; sourceTree = "<group>"; };
		992982E91F9C6131002F8028 /* Info.plist */ = {isa = PBXFileReference; lastKnownFileType = text.plist.xml; path = Info.plist; sourceTree = "<group>"; };
		992982F11F9C6A96002F8028 /* imageProvider.swift */ = {isa = PBXFileReference; lastKnownFileType = sourcecode.swift; path = imageProvider.swift; sourceTree = "<group>"; };
		992982F31F9C8982002F8028 /* ChooseNerdViewController.swift */ = {isa = PBXFileReference; lastKnownFileType = sourcecode.swift; path = ChooseNerdViewController.swift; sourceTree = "<group>"; };
		9931F13C1F9DBA3A00BF9027 /* Nerds.swift */ = {isa = PBXFileReference; lastKnownFileType = sourcecode.swift; path = Nerds.swift; sourceTree = "<group>"; };
		99DDBFE11F9C7210003E5CB9 /* CustomSegue.swift */ = {isa = PBXFileReference; lastKnownFileType = sourcecode.swift; path = CustomSegue.swift; sourceTree = "<group>"; };
		99DDBFE31F9C8B04003E5CB9 /* NerdCell.swift */ = {isa = PBXFileReference; lastKnownFileType = sourcecode.swift; path = NerdCell.swift; sourceTree = "<group>"; };
/* End PBXFileReference section */

/* Begin PBXFrameworksBuildPhase section */
		992982D71F9C6131002F8028 /* Frameworks */ = {
			isa = PBXFrameworksBuildPhase;
			buildActionMask = 2147483647;
			files = (
			);
			runOnlyForDeploymentPostprocessing = 0;
		};
/* End PBXFrameworksBuildPhase section */

/* Begin PBXGroup section */
		992982D11F9C6131002F8028 = {
			isa = PBXGroup;
			children = (
				992982DC1F9C6131002F8028 /* finalProject */,
				992982DB1F9C6131002F8028 /* Products */,
			);
			sourceTree = "<group>";
		};
		992982DB1F9C6131002F8028 /* Products */ = {
			isa = PBXGroup;
			children = (
				992982DA1F9C6131002F8028 /* finalProject.app */,
			);
			name = Products;
			sourceTree = "<group>";
		};
		992982DC1F9C6131002F8028 /* finalProject */ = {
			isa = PBXGroup;
			children = (
				992982DD1F9C6131002F8028 /* AppDelegate.swift */,
				992982DF1F9C6131002F8028 /* ViewController.swift */,
				992982F31F9C8982002F8028 /* ChooseNerdViewController.swift */,
				99DDBFE31F9C8B04003E5CB9 /* NerdCell.swift */,
				992982E11F9C6131002F8028 /* Main.storyboard */,
				992982E41F9C6131002F8028 /* Assets.xcassets */,
				992982E61F9C6131002F8028 /* LaunchScreen.storyboard */,
				992982E91F9C6131002F8028 /* Info.plist */,
				992982F11F9C6A96002F8028 /* imageProvider.swift */,
				99DDBFE11F9C7210003E5CB9 /* CustomSegue.swift */,
				9931F13C1F9DBA3A00BF9027 /* Nerds.swift */,
			);
			path = finalProject;
			sourceTree = "<group>";
		};
/* End PBXGroup section */

/* Begin PBXNativeTarget section */
		992982D91F9C6131002F8028 /* finalProject */ = {
			isa = PBXNativeTarget;
			buildConfigurationList = 992982EC1F9C6131002F8028 /* Build configuration list for PBXNativeTarget "finalProject" */;
			buildPhases = (
				992982D61F9C6131002F8028 /* Sources */,
				992982D71F9C6131002F8028 /* Frameworks */,
				992982D81F9C6131002F8028 /* Resources */,
			);
			buildRules = (
			);
			dependencies = (
			);
			name = finalProject;
			productName = finalProject;
			productReference = 992982DA1F9C6131002F8028 /* finalProject.app */;
			productType = "com.apple.product-type.application";
		};
/* End PBXNativeTarget section */

/* Begin PBXProject section */
		992982D21F9C6131002F8028 /* Project object */ = {
			isa = PBXProject;
			attributes = {
				LastSwiftUpdateCheck = 0900;
				LastUpgradeCheck = 0900;
				ORGANIZATIONNAME = Mac;
				TargetAttributes = {
					992982D91F9C6131002F8028 = {
						CreatedOnToolsVersion = 9.0.1;
						ProvisioningStyle = Automatic;
					};
				};
			};
			buildConfigurationList = 992982D51F9C6131002F8028 /* Build configuration list for PBXProject "finalProject" */;
			compatibilityVersion = "Xcode 8.0";
			developmentRegion = en;
			hasScannedForEncodings = 0;
			knownRegions = (
				en,
				Base,
			);
			mainGroup = 992982D11F9C6131002F8028;
			productRefGroup = 992982DB1F9C6131002F8028 /* Products */;
			projectDirPath = "";
			projectRoot = "";
			targets = (
				992982D91F9C6131002F8028 /* finalProject */,
			);
		};
/* End PBXProject section */

/* Begin PBXResourcesBuildPhase section */
		992982D81F9C6131002F8028 /* Resources */ = {
			isa = PBXResourcesBuildPhase;
			buildActionMask = 2147483647;
			files = (
				992982E81F9C6131002F8028 /* LaunchScreen.storyboard in Resources */,
				992982E51F9C6131002F8028 /* Assets.xcassets in Resources */,
				992982E31F9C6131002F8028 /* Main.storyboard in Resources */,
			);
			runOnlyForDeploymentPostprocessing = 0;
		};
/* End PBXResourcesBuildPhase section */

/* Begin PBXSourcesBuildPhase section */
		992982D61F9C6131002F8028 /* Sources */ = {
			isa = PBXSourcesBuildPhase;
			buildActionMask = 2147483647;
			files = (
				99DDBFE41F9C8B04003E5CB9 /* NerdCell.swift in Sources */,
				992982F21F9C6A96002F8028 /* imageProvider.swift in Sources */,
				992982E01F9C6131002F8028 /* ViewController.swift in Sources */,
				9931F13D1F9DBA3A00BF9027 /* Nerds.swift in Sources */,
				992982DE1F9C6131002F8028 /* AppDelegate.swift in Sources */,
				99DDBFE21F9C7210003E5CB9 /* CustomSegue.swift in Sources */,
				992982F41F9C8982002F8028 /* ChooseNerdViewController.swift in Sources */,
			);
			runOnlyForDeploymentPostprocessing = 0;
		};
/* End PBXSourcesBuildPhase section */

/* Begin PBXVariantGroup section */
		992982E11F9C6131002F8028 /* Main.storyboard */ = {
			isa = PBXVariantGroup;
			children = (
				992982E21F9C6131002F8028 /* Base */,
			);
			name = Main.storyboard;
			sourceTree = "<group>";
		};
		992982E61F9C6131002F8028 /* LaunchScreen.storyboard */ = {
			isa = PBXVariantGroup;
			children = (
				992982E71F9C6131002F8028 /* Base */,
			);
			name = LaunchScreen.storyboard;
			sourceTree = "<group>";
		};
/* End PBXVariantGroup section */

/* Begin XCBuildConfiguration section */
		992982EA1F9C6131002F8028 /* Debug */ = {
			isa = XCBuildConfiguration;
			buildSettings = {
				ALWAYS_SEARCH_USER_PATHS = NO;
				CLANG_ANALYZER_NONNULL = YES;
				CLANG_ANALYZER_NUMBER_OBJECT_CONVERSION = YES_AGGRESSIVE;
				CLANG_CXX_LANGUAGE_STANDARD = "gnu++14";
				CLANG_CXX_LIBRARY = "libc++";
				CLANG_ENABLE_MODULES = YES;
				CLANG_ENABLE_OBJC_ARC = YES;
				CLANG_WARN_BLOCK_CAPTURE_AUTORELEASING = YES;
				CLANG_WARN_BOOL_CONVERSION = YES;
				CLANG_WARN_COMMA = YES;
				CLANG_WARN_CONSTANT_CONVERSION = YES;
				CLANG_WARN_DIRECT_OBJC_ISA_USAGE = YES_ERROR;
				CLANG_WARN_DOCUMENTATION_COMMENTS = YES;
				CLANG_WARN_EMPTY_BODY = YES;
				CLANG_WARN_ENUM_CONVERSION = YES;
				CLANG_WARN_INFINITE_RECURSION = YES;
				CLANG_WARN_INT_CONVERSION = YES;
				CLANG_WARN_NON_LITERAL_NULL_CONVERSION = YES;
				CLANG_WARN_OBJC_LITERAL_CONVERSION = YES;
				CLANG_WARN_OBJC_ROOT_CLASS = YES_ERROR;
				CLANG_WARN_RANGE_LOOP_ANALYSIS = YES;
				CLANG_WARN_STRICT_PROTOTYPES = YES;
				CLANG_WARN_SUSPICIOUS_MOVE = YES;
				CLANG_WARN_UNGUARDED_AVAILABILITY = YES_AGGRESSIVE;
				CLANG_WARN_UNREACHABLE_CODE = YES;
				CLANG_WARN__DUPLICATE_METHOD_MATCH = YES;
				CODE_SIGN_IDENTITY = "iPhone Developer";
				COPY_PHASE_STRIP = NO;
				DEBUG_INFORMATION_FORMAT = dwarf;
				ENABLE_STRICT_OBJC_MSGSEND = YES;
				ENABLE_TESTABILITY = YES;
				GCC_C_LANGUAGE_STANDARD = gnu11;
				GCC_DYNAMIC_NO_PIC = NO;
				GCC_NO_COMMON_BLOCKS = YES;
				GCC_OPTIMIZATION_LEVEL = 0;
				GCC_PREPROCESSOR_DEFINITIONS = (
					"DEBUG=1",
					"$(inherited)",
				);
				GCC_WARN_64_TO_32_BIT_CONVERSION = YES;
				GCC_WARN_ABOUT_RETURN_TYPE = YES_ERROR;
				GCC_WARN_UNDECLARED_SELECTOR = YES;
				GCC_WARN_UNINITIALIZED_AUTOS = YES_AGGRESSIVE;
				GCC_WARN_UNUSED_FUNCTION = YES;
				GCC_WARN_UNUSED_VARIABLE = YES;
				IPHONEOS_DEPLOYMENT_TARGET = 11.0;
				MTL_ENABLE_DEBUG_INFO = YES;
				ONLY_ACTIVE_ARCH = YES;
				SDKROOT = iphoneos;
				SWIFT_ACTIVE_COMPILATION_CONDITIONS = DEBUG;
				SWIFT_OPTIMIZATION_LEVEL = "-Onone";
			};
			name = Debug;
		};
		992982EB1F9C6131002F8028 /* Release */ = {
			isa = XCBuildConfiguration;
			buildSettings = {
				ALWAYS_SEARCH_USER_PATHS = NO;
				CLANG_ANALYZER_NONNULL = YES;
				CLANG_ANALYZER_NUMBER_OBJECT_CONVERSION = YES_AGGRESSIVE;
				CLANG_CXX_LANGUAGE_STANDARD = "gnu++14";
				CLANG_CXX_LIBRARY = "libc++";
				CLANG_ENABLE_MODULES = YES;
				CLANG_ENABLE_OBJC_ARC = YES;
				CLANG_WARN_BLOCK_CAPTURE_AUTORELEASING = YES;
				CLANG_WARN_BOOL_CONVERSION = YES;
				CLANG_WARN_COMMA = YES;
				CLANG_WARN_CONSTANT_CONVERSION = YES;
				CLANG_WARN_DIRECT_OBJC_ISA_USAGE = YES_ERROR;
				CLANG_WARN_DOCUMENTATION_COMMENTS = YES;
				CLANG_WARN_EMPTY_BODY = YES;
				CLANG_WARN_ENUM_CONVERSION = YES;
				CLANG_WARN_INFINITE_RECURSION = YES;
				CLANG_WARN_INT_CONVERSION = YES;
				CLANG_WARN_NON_LITERAL_NULL_CONVERSION = YES;
				CLANG_WARN_OBJC_LITERAL_CONVERSION = YES;
				CLANG_WARN_OBJC_ROOT_CLASS = YES_ERROR;
				CLANG_WARN_RANGE_LOOP_ANALYSIS = YES;
				CLANG_WARN_STRICT_PROTOTYPES = YES;
				CLANG_WARN_SUSPICIOUS_MOVE = YES;
				CLANG_WARN_UNGUARDED_AVAILABILITY = YES_AGGRESSIVE;
				CLANG_WARN_UNREACHABLE_CODE = YES;
				CLANG_WARN__DUPLICATE_METHOD_MATCH = YES;
				CODE_SIGN_IDENTITY = "iPhone Developer";
				COPY_PHASE_STRIP = NO;
				DEBUG_INFORMATION_FORMAT = "dwarf-with-dsym";
				ENABLE_NS_ASSERTIONS = NO;
				ENABLE_STRICT_OBJC_MSGSEND = YES;
				GCC_C_LANGUAGE_STANDARD = gnu11;
				GCC_NO_COMMON_BLOCKS = YES;
				GCC_WARN_64_TO_32_BIT_CONVERSION = YES;
				GCC_WARN_ABOUT_RETURN_TYPE = YES_ERROR;
				GCC_WARN_UNDECLARED_SELECTOR = YES;
				GCC_WARN_UNINITIALIZED_AUTOS = YES_AGGRESSIVE;
				GCC_WARN_UNUSED_FUNCTION = YES;
				GCC_WARN_UNUSED_VARIABLE = YES;
				IPHONEOS_DEPLOYMENT_TARGET = 11.0;
				MTL_ENABLE_DEBUG_INFO = NO;
				SDKROOT = iphoneos;
				SWIFT_OPTIMIZATION_LEVEL = "-Owholemodule";
				VALIDATE_PRODUCT = YES;
			};
			name = Release;
		};
		992982ED1F9C6131002F8028 /* Debug */ = {
			isa = XCBuildConfiguration;
			buildSettings = {
				ASSETCATALOG_COMPILER_APPICON_NAME = AppIcon;
				CODE_SIGN_STYLE = Automatic;
				INFOPLIST_FILE = finalProject/Info.plist;
				LD_RUNPATH_SEARCH_PATHS = "$(inherited) @executable_path/Frameworks";
				PRODUCT_BUNDLE_IDENTIFIER = none.finalProject;
				PRODUCT_NAME = "$(TARGET_NAME)";
				SWIFT_VERSION = 4.0;
				TARGETED_DEVICE_FAMILY = "1,2";
			};
			name = Debug;
		};
		992982EE1F9C6131002F8028 /* Release */ = {
			isa = XCBuildConfiguration;
			buildSettings = {
				ASSETCATALOG_COMPILER_APPICON_NAME = AppIcon;
				CODE_SIGN_STYLE = Automatic;
				INFOPLIST_FILE = finalProject/Info.plist;
				LD_RUNPATH_SEARCH_PATHS = "$(inherited) @executable_path/Frameworks";
				PRODUCT_BUNDLE_IDENTIFIER = none.finalProject;
				PRODUCT_NAME = "$(TARGET_NAME)";
				SWIFT_VERSION = 4.0;
				TARGETED_DEVICE_FAMILY = "1,2";
			};
			name = Release;
		};
/* End XCBuildConfiguration section */

/* Begin XCConfigurationList section */
		992982D51F9C6131002F8028 /* Build configuration list for PBXProject "finalProject" */ = {
			isa = XCConfigurationList;
			buildConfigurations = (
				992982EA1F9C6131002F8028 /* Debug */,
				992982EB1F9C6131002F8028 /* Release */,
			);
			defaultConfigurationIsVisible = 0;
			defaultConfigurationName = Release;
		};
		992982EC1F9C6131002F8028 /* Build configuration list for PBXNativeTarget "finalProject" */ = {
			isa = XCConfigurationList;
			buildConfigurations = (
				992982ED1F9C6131002F8028 /* Debug */,
				992982EE1F9C6131002F8028 /* Release */,
			);
			defaultConfigurationIsVisible = 0;
			defaultConfigurationName = Release;
		};
/* End XCConfigurationList section */
	};
	rootObject = 992982D21F9C6131002F8028 /* Project object */;
}
